
Microsoft Visual Studio Solution File, Format Version 12.00
# Visual Studio Version 16
VisualStudioVersion = 16.0.32002.261
MinimumVisualStudioVersion = 10.0.40219.1
Project("{FAE04EC0-301F-11D3-BF4B-00C04F79EFBC}") = "PersonalBlog", "PersonalBlog.csproj", "{70C49D6E-1EB4-439C-B6C5-C465288C8466}"
EndProject
Global
	GlobalSection(SolutionConfigurationPlatforms) = preSolution
		Debug|Any CPU = Debug|Any CPU
		Release|Any CPU = Release|Any CPU
	EndGlobalSection
	GlobalSection(ProjectConfigurationPlatforms) = postSolution
		{70C49D6E-1EB4-439C-B6C5-C465288C8466}.Debug|Any CPU.ActiveCfg = Debug|Any CPU
		{70C49D6E-1EB4-439C-B6C5-C465288C8466}.Debug|Any CPU.Build.0 = Debug|Any CPU
		{70C49D6E-1EB4-439C-B6C5-C465288C8466}.Release|Any CPU.ActiveCfg = Release|Any CPU
		{70C49D6E-1EB4-439C-B6C5-C465288C8466}.Release|Any CPU.Build.0 = Release|Any CPU
	EndGlobalSection
	GlobalSection(SolutionProperties) = preSolution
		HideSolutionNode = FALSE
	EndGlobalSection
	GlobalSection(ExtensibilityGlobals) = postSolution
		SolutionGuid = {3B6B639E-9B19-4F30-A8AC-5C3E0D1096C6}
	EndGlobalSection
EndGlobal
